
Microsoft Visual Studio Solution File, Format Version 12.00
# Visual Studio Version 17
VisualStudioVersion = 17.5.33516.290
MinimumVisualStudioVersion = 10.0.40219.1
Project("{9A19103F-16F7-4668-BE54-9A1E7A4F7556}") = "Domain", "Domain\Domain.csproj", "{614AC2FB-390A-4296-856B-D23B32E306C3}"
EndProject
Project("{9A19103F-16F7-4668-BE54-9A1E7A4F7556}") = "Service", "Service\Service.csproj", "{F558E651-4744-4E96-9AFB-C40FFAA6AD38}"
EndProject
Project("{2150E333-8FDC-42A3-9474-1A3956D46DE8}") = "Libs", "Libs", "{1C9B3C82-6E62-4F48-9A5B-81204406332A}"
EndProject
Project("{2150E333-8FDC-42A3-9474-1A3956D46DE8}") = "Web", "Web", "{122D5FB6-ACE7-41BE-96F3-FE31933F764E}"
EndProject
Project("{9A19103F-16F7-4668-BE54-9A1E7A4F7556}") = "Investments.Api", "Investments.Api\Investments.Api.csproj", "{15A18056-975C-49B8-9AC5-72BA8F4EB4B2}"
EndProject
Project("{2150E333-8FDC-42A3-9474-1A3956D46DE8}") = "Bases", "Bases", "{455AA06A-D8DC-49C5-A97F-594F0B4EE1F4}"
EndProject
Project("{9A19103F-16F7-4668-BE54-9A1E7A4F7556}") = "Bases", "Bases\Bases.csproj", "{F00E2671-73B2-4FD7-A982-826C661A38E4}"
EndProject
Project("{FAE04EC0-301F-11D3-BF4B-00C04F79EFBC}") = "Persistence", "Persistence\Persistence.csproj", "{5A64C795-67BE-40B2-9727-734FF6200979}"
EndProject
Global
	GlobalSection(SolutionConfigurationPlatforms) = preSolution
		Debug|Any CPU = Debug|Any CPU
		Release|Any CPU = Release|Any CPU
	EndGlobalSection
	GlobalSection(ProjectConfigurationPlatforms) = postSolution
		{614AC2FB-390A-4296-856B-D23B32E306C3}.Debug|Any CPU.ActiveCfg = Debug|Any CPU
		{614AC2FB-390A-4296-856B-D23B32E306C3}.Debug|Any CPU.Build.0 = Debug|Any CPU
		{614AC2FB-390A-4296-856B-D23B32E306C3}.Release|Any CPU.ActiveCfg = Release|Any CPU
		{614AC2FB-390A-4296-856B-D23B32E306C3}.Release|Any CPU.Build.0 = Release|Any CPU
		{F558E651-4744-4E96-9AFB-C40FFAA6AD38}.Debug|Any CPU.ActiveCfg = Debug|Any CPU
		{F558E651-4744-4E96-9AFB-C40FFAA6AD38}.Debug|Any CPU.Build.0 = Debug|Any CPU
		{F558E651-4744-4E96-9AFB-C40FFAA6AD38}.Release|Any CPU.ActiveCfg = Release|Any CPU
		{F558E651-4744-4E96-9AFB-C40FFAA6AD38}.Release|Any CPU.Build.0 = Release|Any CPU
		{15A18056-975C-49B8-9AC5-72BA8F4EB4B2}.Debug|Any CPU.ActiveCfg = Debug|Any CPU
		{15A18056-975C-49B8-9AC5-72BA8F4EB4B2}.Debug|Any CPU.Build.0 = Debug|Any CPU
		{15A18056-975C-49B8-9AC5-72BA8F4EB4B2}.Release|Any CPU.ActiveCfg = Release|Any CPU
		{15A18056-975C-49B8-9AC5-72BA8F4EB4B2}.Release|Any CPU.Build.0 = Release|Any CPU
		{F00E2671-73B2-4FD7-A982-826C661A38E4}.Debug|Any CPU.ActiveCfg = Debug|Any CPU
		{F00E2671-73B2-4FD7-A982-826C661A38E4}.Debug|Any CPU.Build.0 = Debug|Any CPU
		{F00E2671-73B2-4FD7-A982-826C661A38E4}.Release|Any CPU.ActiveCfg = Release|Any CPU
		{F00E2671-73B2-4FD7-A982-826C661A38E4}.Release|Any CPU.Build.0 = Release|Any CPU
		{5A64C795-67BE-40B2-9727-734FF6200979}.Debug|Any CPU.ActiveCfg = Debug|Any CPU
		{5A64C795-67BE-40B2-9727-734FF6200979}.Debug|Any CPU.Build.0 = Debug|Any CPU
		{5A64C795-67BE-40B2-9727-734FF6200979}.Release|Any CPU.ActiveCfg = Release|Any CPU
		{5A64C795-67BE-40B2-9727-734FF6200979}.Release|Any CPU.Build.0 = Release|Any CPU
	EndGlobalSection
	GlobalSection(SolutionProperties) = preSolution
		HideSolutionNode = FALSE
	EndGlobalSection
	GlobalSection(NestedProjects) = preSolution
		{614AC2FB-390A-4296-856B-D23B32E306C3} = {1C9B3C82-6E62-4F48-9A5B-81204406332A}
		{F558E651-4744-4E96-9AFB-C40FFAA6AD38} = {1C9B3C82-6E62-4F48-9A5B-81204406332A}
		{15A18056-975C-49B8-9AC5-72BA8F4EB4B2} = {122D5FB6-ACE7-41BE-96F3-FE31933F764E}
		{F00E2671-73B2-4FD7-A982-826C661A38E4} = {455AA06A-D8DC-49C5-A97F-594F0B4EE1F4}
		{5A64C795-67BE-40B2-9727-734FF6200979} = {1C9B3C82-6E62-4F48-9A5B-81204406332A}
	EndGlobalSection
	GlobalSection(ExtensibilityGlobals) = postSolution
		SolutionGuid = {35D2996A-6304-4D99-94C0-1FA6510FE49E}
	EndGlobalSection
EndGlobal
